
Microsoft Visual Studio Solution File, Format Version 12.00
# Visual Studio Version 17
VisualStudioVersion = 17.2.32526.322
MinimumVisualStudioVersion = 10.0.40219.1
Project("{FAE04EC0-301F-11D3-BF4B-00C04F79EFBC}") = "parcialMayerli", "parcialMayerli\parcialMayerli.csproj", "{25E6C17C-E241-4775-A4E0-8FADCE2FCA8A}"
EndProject
Global
	GlobalSection(SolutionConfigurationPlatforms) = preSolution
		Debug|Any CPU = Debug|Any CPU
		Release|Any CPU = Release|Any CPU
	EndGlobalSection
	GlobalSection(ProjectConfigurationPlatforms) = postSolution
		{25E6C17C-E241-4775-A4E0-8FADCE2FCA8A}.Debug|Any CPU.ActiveCfg = Debug|Any CPU
		{25E6C17C-E241-4775-A4E0-8FADCE2FCA8A}.Debug|Any CPU.Build.0 = Debug|Any CPU
		{25E6C17C-E241-4775-A4E0-8FADCE2FCA8A}.Release|Any CPU.ActiveCfg = Release|Any CPU
		{25E6C17C-E241-4775-A4E0-8FADCE2FCA8A}.Release|Any CPU.Build.0 = Release|Any CPU
	EndGlobalSection
	GlobalSection(SolutionProperties) = preSolution
		HideSolutionNode = FALSE
	EndGlobalSection
	GlobalSection(ExtensibilityGlobals) = postSolution
		SolutionGuid = {2E0D10E4-ED5B-484E-904C-3720CE3D5B26}
	EndGlobalSection
EndGlobal
